// !$*UTF8*$!
{
	archiveVersion = 1;
	classes = {
	};
	objectVersion = 56;
	objects = {

/* Begin PBXBuildFile section */
		1EC716B72B606A4F006AB2C5 /* autosaveProjectApp.swift in Sources */ = {isa = PBXBuildFile; fileRef = 1EC716B62B606A4F006AB2C5 /* autosaveProjectApp.swift */; };
		1EC716B92B606A4F006AB2C5 /* ContentView.swift in Sources */ = {isa = PBXBuildFile; fileRef = 1EC716B82B606A4F006AB2C5 /* ContentView.swift */; };
		1EC716BB2B606A4F006AB2C5 /* Item.swift in Sources */ = {isa = PBXBuildFile; fileRef = 1EC716BA2B606A4F006AB2C5 /* Item.swift */; };
		1EC716BD2B606A52006AB2C5 /* Assets.xcassets in Resources */ = {isa = PBXBuildFile; fileRef = 1EC716BC2B606A52006AB2C5 /* Assets.xcassets */; };
		1EC716C02B606A52006AB2C5 /* Preview Assets.xcassets in Resources */ = {isa = PBXBuildFile; fileRef = 1EC716BF2B606A52006AB2C5 /* Preview Assets.xcassets */; };
		1EC716D62B606C87006AB2C5 /* Date+Extension.swift in Sources */ = {isa = PBXBuildFile; fileRef = 1EC716D22B606C86006AB2C5 /* Date+Extension.swift */; };
		1EC716D72B606C87006AB2C5 /* String+Extension.swift in Sources */ = {isa = PBXBuildFile; fileRef = 1EC716D32B606C87006AB2C5 /* String+Extension.swift */; };
		1EC716D82B606C87006AB2C5 /* View+Extension.swift in Sources */ = {isa = PBXBuildFile; fileRef = 1EC716D42B606C87006AB2C5 /* View+Extension.swift */; };
		1EC716D92B606C87006AB2C5 /* ModelContainer+Extension.swift in Sources */ = {isa = PBXBuildFile; fileRef = 1EC716D52B606C87006AB2C5 /* ModelContainer+Extension.swift */; };
		1EC716DB2B606CAB006AB2C5 /* IconView.swift in Sources */ = {isa = PBXBuildFile; fileRef = 1EC716DA2B606CAB006AB2C5 /* IconView.swift */; };
		1EC716E02B60750C006AB2C5 /* Italicized+Modifier.swift in Sources */ = {isa = PBXBuildFile; fileRef = 1EC716DE2B60750B006AB2C5 /* Italicized+Modifier.swift */; };
		1EC716E12B60750C006AB2C5 /* Hide+Modifier.swift in Sources */ = {isa = PBXBuildFile; fileRef = 1EC716DF2B60750C006AB2C5 /* Hide+Modifier.swift */; };
		1EC716E32B6075C6006AB2C5 /* Id+Protocol.swift in Sources */ = {isa = PBXBuildFile; fileRef = 1EC716E22B6075C6006AB2C5 /* Id+Protocol.swift */; };
		1EC716E52B6075FF006AB2C5 /* Enum+Protocol.swift in Sources */ = {isa = PBXBuildFile; fileRef = 1EC716E42B6075FF006AB2C5 /* Enum+Protocol.swift */; };
		1EC716E72B60762D006AB2C5 /* Pair.swift in Sources */ = {isa = PBXBuildFile; fileRef = 1EC716E62B60762D006AB2C5 /* Pair.swift */; };
		1EC716F72B607713006AB2C5 /* Game+Enum.swift in Sources */ = {isa = PBXBuildFile; fileRef = 1EC716E92B607713006AB2C5 /* Game+Enum.swift */; };
		1EC716F82B607713006AB2C5 /* Input+Enum.swift in Sources */ = {isa = PBXBuildFile; fileRef = 1EC716EA2B607713006AB2C5 /* Input+Enum.swift */; };
		1EC716F92B607713006AB2C5 /* Menu+Enum.swift in Sources */ = {isa = PBXBuildFile; fileRef = 1EC716EB2B607713006AB2C5 /* Menu+Enum.swift */; };
		1EC716FA2B607713006AB2C5 /* Format+Enum.swift in Sources */ = {isa = PBXBuildFile; fileRef = 1EC716EC2B607713006AB2C5 /* Format+Enum.swift */; };
		1EC716FB2B607713006AB2C5 /* PlayStation+Enum.swift in Sources */ = {isa = PBXBuildFile; fileRef = 1EC716EE2B607713006AB2C5 /* PlayStation+Enum.swift */; };
		1EC716FC2B607713006AB2C5 /* Xbox+Enum.swift in Sources */ = {isa = PBXBuildFile; fileRef = 1EC716EF2B607713006AB2C5 /* Xbox+Enum.swift */; };
		1EC716FD2B607713006AB2C5 /* Nintendo+Enum.swift in Sources */ = {isa = PBXBuildFile; fileRef = 1EC716F02B607713006AB2C5 /* Nintendo+Enum.swift */; };
		1EC716FE2B607713006AB2C5 /* OS+Enum.swift in Sources */ = {isa = PBXBuildFile; fileRef = 1EC716F12B607713006AB2C5 /* OS+Enum.swift */; };
		1EC716FF2B607713006AB2C5 /* Platform+Enum.swift in Sources */ = {isa = PBXBuildFile; fileRef = 1EC716F22B607713006AB2C5 /* Platform+Enum.swift */; };
		1EC717002B607713006AB2C5 /* Digital+Enum.swift in Sources */ = {isa = PBXBuildFile; fileRef = 1EC716F42B607713006AB2C5 /* Digital+Enum.swift */; };
		1EC717012B607713006AB2C5 /* Physical+Enum.swift in Sources */ = {isa = PBXBuildFile; fileRef = 1EC716F52B607713006AB2C5 /* Physical+Enum.swift */; };
		1EC717022B607713006AB2C5 /* Mode+Enum.swift in Sources */ = {isa = PBXBuildFile; fileRef = 1EC716F62B607713006AB2C5 /* Mode+Enum.swift */; };
		1EC717042B6077FA006AB2C5 /* PropertyBuilder+Enum.swift in Sources */ = {isa = PBXBuildFile; fileRef = 1EC717032B6077FA006AB2C5 /* PropertyBuilder+Enum.swift */; };
		1EC717062B607B3D006AB2C5 /* Property.swift in Sources */ = {isa = PBXBuildFile; fileRef = 1EC717052B607B3D006AB2C5 /* Property.swift */; };
		1EC717082B609031006AB2C5 /* Platform+Protocol.swift in Sources */ = {isa = PBXBuildFile; fileRef = 1EC717072B609031006AB2C5 /* Platform+Protocol.swift */; };
		1EC7170A2B6090B4006AB2C5 /* PlatformBuilder+Enum.swift in Sources */ = {isa = PBXBuildFile; fileRef = 1EC717092B6090B4006AB2C5 /* PlatformBuilder+Enum.swift */; };
		1EC7170C2B6093C5006AB2C5 /* EnumBuilder+Protocol.swift in Sources */ = {isa = PBXBuildFile; fileRef = 1EC7170B2B6093C5006AB2C5 /* EnumBuilder+Protocol.swift */; };
		1EC7170E2B60940A006AB2C5 /* FormatBuilder+Protocol.swift in Sources */ = {isa = PBXBuildFile; fileRef = 1EC7170D2B60940A006AB2C5 /* FormatBuilder+Protocol.swift */; };
		1EC717102B609465006AB2C5 /* Format+Protocol.swift in Sources */ = {isa = PBXBuildFile; fileRef = 1EC7170F2B609465006AB2C5 /* Format+Protocol.swift */; };
		1EC717122B6095BB006AB2C5 /* Property+Enum.swift in Sources */ = {isa = PBXBuildFile; fileRef = 1EC717112B6095BB006AB2C5 /* Property+Enum.swift */; };
		1EC717142B61AA04006AB2C5 /* Association.swift in Sources */ = {isa = PBXBuildFile; fileRef = 1EC717132B61AA04006AB2C5 /* Association.swift */; };
		1EC717162B61AA41006AB2C5 /* Game.swift in Sources */ = {isa = PBXBuildFile; fileRef = 1EC717152B61AA41006AB2C5 /* Game.swift */; };
/* End PBXBuildFile section */

/* Begin PBXFileReference section */
		1EC716B32B606A4F006AB2C5 /* autosaveProject.app */ = {isa = PBXFileReference; explicitFileType = wrapper.application; includeInIndex = 0; path = autosaveProject.app; sourceTree = BUILT_PRODUCTS_DIR; };
		1EC716B62B606A4F006AB2C5 /* autosaveProjectApp.swift */ = {isa = PBXFileReference; lastKnownFileType = sourcecode.swift; path = autosaveProjectApp.swift; sourceTree = "<group>"; };
		1EC716B82B606A4F006AB2C5 /* ContentView.swift */ = {isa = PBXFileReference; lastKnownFileType = sourcecode.swift; path = ContentView.swift; sourceTree = "<group>"; };
		1EC716BA2B606A4F006AB2C5 /* Item.swift */ = {isa = PBXFileReference; lastKnownFileType = sourcecode.swift; path = Item.swift; sourceTree = "<group>"; };
		1EC716BC2B606A52006AB2C5 /* Assets.xcassets */ = {isa = PBXFileReference; lastKnownFileType = folder.assetcatalog; path = Assets.xcassets; sourceTree = "<group>"; };
		1EC716BF2B606A52006AB2C5 /* Preview Assets.xcassets */ = {isa = PBXFileReference; lastKnownFileType = folder.assetcatalog; path = "Preview Assets.xcassets"; sourceTree = "<group>"; };
		1EC716D22B606C86006AB2C5 /* Date+Extension.swift */ = {isa = PBXFileReference; fileEncoding = 4; lastKnownFileType = sourcecode.swift; path = "Date+Extension.swift"; sourceTree = "<group>"; };
		1EC716D32B606C87006AB2C5 /* String+Extension.swift */ = {isa = PBXFileReference; fileEncoding = 4; lastKnownFileType = sourcecode.swift; path = "String+Extension.swift"; sourceTree = "<group>"; };
		1EC716D42B606C87006AB2C5 /* View+Extension.swift */ = {isa = PBXFileReference; fileEncoding = 4; lastKnownFileType = sourcecode.swift; path = "View+Extension.swift"; sourceTree = "<group>"; };
		1EC716D52B606C87006AB2C5 /* ModelContainer+Extension.swift */ = {isa = PBXFileReference; fileEncoding = 4; lastKnownFileType = sourcecode.swift; path = "ModelContainer+Extension.swift"; sourceTree = "<group>"; };
		1EC716DA2B606CAB006AB2C5 /* IconView.swift */ = {isa = PBXFileReference; fileEncoding = 4; lastKnownFileType = sourcecode.swift; path = IconView.swift; sourceTree = "<group>"; };
		1EC716DE2B60750B006AB2C5 /* Italicized+Modifier.swift */ = {isa = PBXFileReference; fileEncoding = 4; lastKnownFileType = sourcecode.swift; path = "Italicized+Modifier.swift"; sourceTree = "<group>"; };
		1EC716DF2B60750C006AB2C5 /* Hide+Modifier.swift */ = {isa = PBXFileReference; fileEncoding = 4; lastKnownFileType = sourcecode.swift; path = "Hide+Modifier.swift"; sourceTree = "<group>"; };
		1EC716E22B6075C6006AB2C5 /* Id+Protocol.swift */ = {isa = PBXFileReference; lastKnownFileType = sourcecode.swift; path = "Id+Protocol.swift"; sourceTree = "<group>"; };
		1EC716E42B6075FF006AB2C5 /* Enum+Protocol.swift */ = {isa = PBXFileReference; lastKnownFileType = sourcecode.swift; path = "Enum+Protocol.swift"; sourceTree = "<group>"; };
		1EC716E62B60762D006AB2C5 /* Pair.swift */ = {isa = PBXFileReference; lastKnownFileType = sourcecode.swift; path = Pair.swift; sourceTree = "<group>"; };
		1EC716E92B607713006AB2C5 /* Game+Enum.swift */ = {isa = PBXFileReference; fileEncoding = 4; lastKnownFileType = sourcecode.swift; path = "Game+Enum.swift"; sourceTree = "<group>"; };
		1EC716EA2B607713006AB2C5 /* Input+Enum.swift */ = {isa = PBXFileReference; fileEncoding = 4; lastKnownFileType = sourcecode.swift; path = "Input+Enum.swift"; sourceTree = "<group>"; };
		1EC716EB2B607713006AB2C5 /* Menu+Enum.swift */ = {isa = PBXFileReference; fileEncoding = 4; lastKnownFileType = sourcecode.swift; path = "Menu+Enum.swift"; sourceTree = "<group>"; };
		1EC716EC2B607713006AB2C5 /* Format+Enum.swift */ = {isa = PBXFileReference; fileEncoding = 4; lastKnownFileType = sourcecode.swift; path = "Format+Enum.swift"; sourceTree = "<group>"; };
		1EC716EE2B607713006AB2C5 /* PlayStation+Enum.swift */ = {isa = PBXFileReference; fileEncoding = 4; lastKnownFileType = sourcecode.swift; path = "PlayStation+Enum.swift"; sourceTree = "<group>"; };
		1EC716EF2B607713006AB2C5 /* Xbox+Enum.swift */ = {isa = PBXFileReference; fileEncoding = 4; lastKnownFileType = sourcecode.swift; path = "Xbox+Enum.swift"; sourceTree = "<group>"; };
		1EC716F02B607713006AB2C5 /* Nintendo+Enum.swift */ = {isa = PBXFileReference; fileEncoding = 4; lastKnownFileType = sourcecode.swift; path = "Nintendo+Enum.swift"; sourceTree = "<group>"; };
		1EC716F12B607713006AB2C5 /* OS+Enum.swift */ = {isa = PBXFileReference; fileEncoding = 4; lastKnownFileType = sourcecode.swift; path = "OS+Enum.swift"; sourceTree = "<group>"; };
		1EC716F22B607713006AB2C5 /* Platform+Enum.swift */ = {isa = PBXFileReference; fileEncoding = 4; lastKnownFileType = sourcecode.swift; path = "Platform+Enum.swift"; sourceTree = "<group>"; };
		1EC716F42B607713006AB2C5 /* Digital+Enum.swift */ = {isa = PBXFileReference; fileEncoding = 4; lastKnownFileType = sourcecode.swift; path = "Digital+Enum.swift"; sourceTree = "<group>"; };
		1EC716F52B607713006AB2C5 /* Physical+Enum.swift */ = {isa = PBXFileReference; fileEncoding = 4; lastKnownFileType = sourcecode.swift; path = "Physical+Enum.swift"; sourceTree = "<group>"; };
		1EC716F62B607713006AB2C5 /* Mode+Enum.swift */ = {isa = PBXFileReference; fileEncoding = 4; lastKnownFileType = sourcecode.swift; path = "Mode+Enum.swift"; sourceTree = "<group>"; };
		1EC717032B6077FA006AB2C5 /* PropertyBuilder+Enum.swift */ = {isa = PBXFileReference; lastKnownFileType = sourcecode.swift; path = "PropertyBuilder+Enum.swift"; sourceTree = "<group>"; };
		1EC717052B607B3D006AB2C5 /* Property.swift */ = {isa = PBXFileReference; lastKnownFileType = sourcecode.swift; path = Property.swift; sourceTree = "<group>"; };
		1EC717072B609031006AB2C5 /* Platform+Protocol.swift */ = {isa = PBXFileReference; lastKnownFileType = sourcecode.swift; path = "Platform+Protocol.swift"; sourceTree = "<group>"; };
		1EC717092B6090B4006AB2C5 /* PlatformBuilder+Enum.swift */ = {isa = PBXFileReference; lastKnownFileType = sourcecode.swift; path = "PlatformBuilder+Enum.swift"; sourceTree = "<group>"; };
		1EC7170B2B6093C5006AB2C5 /* EnumBuilder+Protocol.swift */ = {isa = PBXFileReference; lastKnownFileType = sourcecode.swift; path = "EnumBuilder+Protocol.swift"; sourceTree = "<group>"; };
		1EC7170D2B60940A006AB2C5 /* FormatBuilder+Protocol.swift */ = {isa = PBXFileReference; lastKnownFileType = sourcecode.swift; path = "FormatBuilder+Protocol.swift"; sourceTree = "<group>"; };
		1EC7170F2B609465006AB2C5 /* Format+Protocol.swift */ = {isa = PBXFileReference; lastKnownFileType = sourcecode.swift; path = "Format+Protocol.swift"; sourceTree = "<group>"; };
		1EC717112B6095BB006AB2C5 /* Property+Enum.swift */ = {isa = PBXFileReference; lastKnownFileType = sourcecode.swift; path = "Property+Enum.swift"; sourceTree = "<group>"; };
		1EC717132B61AA04006AB2C5 /* Association.swift */ = {isa = PBXFileReference; lastKnownFileType = sourcecode.swift; path = Association.swift; sourceTree = "<group>"; };
		1EC717152B61AA41006AB2C5 /* Game.swift */ = {isa = PBXFileReference; lastKnownFileType = sourcecode.swift; path = Game.swift; sourceTree = "<group>"; };
/* End PBXFileReference section */

/* Begin PBXFrameworksBuildPhase section */
		1EC716B02B606A4F006AB2C5 /* Frameworks */ = {
			isa = PBXFrameworksBuildPhase;
			buildActionMask = 2147483647;
			files = (
			);
			runOnlyForDeploymentPostprocessing = 0;
		};
/* End PBXFrameworksBuildPhase section */

/* Begin PBXGroup section */
		1EC716AA2B606A4F006AB2C5 = {
			isa = PBXGroup;
			children = (
				1EC716B52B606A4F006AB2C5 /* autosaveProject */,
				1EC716B42B606A4F006AB2C5 /* Products */,
			);
			sourceTree = "<group>";
		};
		1EC716B42B606A4F006AB2C5 /* Products */ = {
			isa = PBXGroup;
			children = (
				1EC716B32B606A4F006AB2C5 /* autosaveProject.app */,
			);
			name = Products;
			sourceTree = "<group>";
		};
		1EC716B52B606A4F006AB2C5 /* autosaveProject */ = {
			isa = PBXGroup;
			children = (
				1EC716B62B606A4F006AB2C5 /* autosaveProjectApp.swift */,
				1EC716DD2B6074FB006AB2C5 /* Modifier */,
				1EC716CB2B606BC7006AB2C5 /* Struct */,
				1EC716CA2B606BC3006AB2C5 /* Class */,
				1EC716C92B606BBE006AB2C5 /* Protocol */,
				1EC716E82B607713006AB2C5 /* Enum */,
				1EC716C62B606BA3006AB2C5 /* Extension */,
				1EC716C72B606BAA006AB2C5 /* View */,
				1EC716BC2B606A52006AB2C5 /* Assets.xcassets */,
				1EC716BE2B606A52006AB2C5 /* Preview Content */,
			);
			path = autosaveProject;
			sourceTree = "<group>";
		};
		1EC716BE2B606A52006AB2C5 /* Preview Content */ = {
			isa = PBXGroup;
			children = (
				1EC716BF2B606A52006AB2C5 /* Preview Assets.xcassets */,
			);
			path = "Preview Content";
			sourceTree = "<group>";
		};
		1EC716C62B606BA3006AB2C5 /* Extension */ = {
			isa = PBXGroup;
			children = (
				1EC716D22B606C86006AB2C5 /* Date+Extension.swift */,
				1EC716D52B606C87006AB2C5 /* ModelContainer+Extension.swift */,
				1EC716D32B606C87006AB2C5 /* String+Extension.swift */,
				1EC716D42B606C87006AB2C5 /* View+Extension.swift */,
			);
			path = Extension;
			sourceTree = "<group>";
		};
		1EC716C72B606BAA006AB2C5 /* View */ = {
			isa = PBXGroup;
			children = (
				1EC716DA2B606CAB006AB2C5 /* IconView.swift */,
				1EC716B82B606A4F006AB2C5 /* ContentView.swift */,
			);
			path = View;
			sourceTree = "<group>";
		};
		1EC716C92B606BBE006AB2C5 /* Protocol */ = {
			isa = PBXGroup;
			children = (
				1EC716E22B6075C6006AB2C5 /* Id+Protocol.swift */,
				1EC716E42B6075FF006AB2C5 /* Enum+Protocol.swift */,
				1EC717072B609031006AB2C5 /* Platform+Protocol.swift */,
				1EC7170B2B6093C5006AB2C5 /* EnumBuilder+Protocol.swift */,
				1EC7170F2B609465006AB2C5 /* Format+Protocol.swift */,
			);
			path = Protocol;
			sourceTree = "<group>";
		};
		1EC716CA2B606BC3006AB2C5 /* Class */ = {
			isa = PBXGroup;
			children = (
				1EC717132B61AA04006AB2C5 /* Association.swift */,
				1EC716BA2B606A4F006AB2C5 /* Item.swift */,
				1EC717052B607B3D006AB2C5 /* Property.swift */,
				1EC717152B61AA41006AB2C5 /* Game.swift */,
			);
			path = Class;
			sourceTree = "<group>";
		};
		1EC716CB2B606BC7006AB2C5 /* Struct */ = {
			isa = PBXGroup;
			children = (
				1EC716E62B60762D006AB2C5 /* Pair.swift */,
			);
			path = Struct;
			sourceTree = "<group>";
		};
		1EC716DD2B6074FB006AB2C5 /* Modifier */ = {
			isa = PBXGroup;
			children = (
				1EC716DF2B60750C006AB2C5 /* Hide+Modifier.swift */,
				1EC716DE2B60750B006AB2C5 /* Italicized+Modifier.swift */,
			);
			path = Modifier;
			sourceTree = "<group>";
		};
		1EC716E82B607713006AB2C5 /* Enum */ = {
			isa = PBXGroup;
			children = (
				1EC717092B6090B4006AB2C5 /* PlatformBuilder+Enum.swift */,
				1EC7170D2B60940A006AB2C5 /* FormatBuilder+Protocol.swift */,
				1EC717032B6077FA006AB2C5 /* PropertyBuilder+Enum.swift */,
				1EC717112B6095BB006AB2C5 /* Property+Enum.swift */,
				1EC716EC2B607713006AB2C5 /* Format+Enum.swift */,
				1EC716F22B607713006AB2C5 /* Platform+Enum.swift */,
				1EC716F32B607713006AB2C5 /* Format */,
				1EC716ED2B607713006AB2C5 /* Platform */,
				1EC716F62B607713006AB2C5 /* Mode+Enum.swift */,
				1EC716E92B607713006AB2C5 /* Game+Enum.swift */,
				1EC716EA2B607713006AB2C5 /* Input+Enum.swift */,
				1EC716EB2B607713006AB2C5 /* Menu+Enum.swift */,
			);
			path = Enum;
			sourceTree = "<group>";
		};
		1EC716ED2B607713006AB2C5 /* Platform */ = {
			isa = PBXGroup;
			children = (
				1EC716EE2B607713006AB2C5 /* PlayStation+Enum.swift */,
				1EC716EF2B607713006AB2C5 /* Xbox+Enum.swift */,
				1EC716F02B607713006AB2C5 /* Nintendo+Enum.swift */,
				1EC716F12B607713006AB2C5 /* OS+Enum.swift */,
			);
			path = Platform;
			sourceTree = "<group>";
		};
		1EC716F32B607713006AB2C5 /* Format */ = {
			isa = PBXGroup;
			children = (
				1EC716F42B607713006AB2C5 /* Digital+Enum.swift */,
				1EC716F52B607713006AB2C5 /* Physical+Enum.swift */,
			);
			path = Format;
			sourceTree = "<group>";
		};
/* End PBXGroup section */

/* Begin PBXNativeTarget section */
		1EC716B22B606A4F006AB2C5 /* autosaveProject */ = {
			isa = PBXNativeTarget;
			buildConfigurationList = 1EC716C32B606A52006AB2C5 /* Build configuration list for PBXNativeTarget "autosaveProject" */;
			buildPhases = (
				1EC716AF2B606A4F006AB2C5 /* Sources */,
				1EC716B02B606A4F006AB2C5 /* Frameworks */,
				1EC716B12B606A4F006AB2C5 /* Resources */,
			);
			buildRules = (
			);
			dependencies = (
			);
			name = autosaveProject;
			productName = autosaveProject;
			productReference = 1EC716B32B606A4F006AB2C5 /* autosaveProject.app */;
			productType = "com.apple.product-type.application";
		};
/* End PBXNativeTarget section */

/* Begin PBXProject section */
		1EC716AB2B606A4F006AB2C5 /* Project object */ = {
			isa = PBXProject;
			attributes = {
				BuildIndependentTargetsInParallel = 1;
				LastSwiftUpdateCheck = 1520;
				LastUpgradeCheck = 1520;
				TargetAttributes = {
					1EC716B22B606A4F006AB2C5 = {
						CreatedOnToolsVersion = 15.2;
					};
				};
			};
			buildConfigurationList = 1EC716AE2B606A4F006AB2C5 /* Build configuration list for PBXProject "autosaveProject" */;
			compatibilityVersion = "Xcode 14.0";
			developmentRegion = en;
			hasScannedForEncodings = 0;
			knownRegions = (
				en,
				Base,
			);
			mainGroup = 1EC716AA2B606A4F006AB2C5;
			productRefGroup = 1EC716B42B606A4F006AB2C5 /* Products */;
			projectDirPath = "";
			projectRoot = "";
			targets = (
				1EC716B22B606A4F006AB2C5 /* autosaveProject */,
			);
		};
/* End PBXProject section */

/* Begin PBXResourcesBuildPhase section */
		1EC716B12B606A4F006AB2C5 /* Resources */ = {
			isa = PBXResourcesBuildPhase;
			buildActionMask = 2147483647;
			files = (
				1EC716C02B606A52006AB2C5 /* Preview Assets.xcassets in Resources */,
				1EC716BD2B606A52006AB2C5 /* Assets.xcassets in Resources */,
			);
			runOnlyForDeploymentPostprocessing = 0;
		};
/* End PBXResourcesBuildPhase section */

/* Begin PBXSourcesBuildPhase section */
		1EC716AF2B606A4F006AB2C5 /* Sources */ = {
			isa = PBXSourcesBuildPhase;
			buildActionMask = 2147483647;
			files = (
				1EC717062B607B3D006AB2C5 /* Property.swift in Sources */,
				1EC7170E2B60940A006AB2C5 /* FormatBuilder+Protocol.swift in Sources */,
				1EC716E52B6075FF006AB2C5 /* Enum+Protocol.swift in Sources */,
				1EC716E02B60750C006AB2C5 /* Italicized+Modifier.swift in Sources */,
				1EC716B92B606A4F006AB2C5 /* ContentView.swift in Sources */,
				1EC716FE2B607713006AB2C5 /* OS+Enum.swift in Sources */,
				1EC716E72B60762D006AB2C5 /* Pair.swift in Sources */,
				1EC716FF2B607713006AB2C5 /* Platform+Enum.swift in Sources */,
				1EC716D92B606C87006AB2C5 /* ModelContainer+Extension.swift in Sources */,
				1EC716D62B606C87006AB2C5 /* Date+Extension.swift in Sources */,
				1EC716E12B60750C006AB2C5 /* Hide+Modifier.swift in Sources */,
				1EC716F82B607713006AB2C5 /* Input+Enum.swift in Sources */,
				1EC716BB2B606A4F006AB2C5 /* Item.swift in Sources */,
				1EC7170C2B6093C5006AB2C5 /* EnumBuilder+Protocol.swift in Sources */,
				1EC717012B607713006AB2C5 /* Physical+Enum.swift in Sources */,
				1EC717142B61AA04006AB2C5 /* Association.swift in Sources */,
				1EC717162B61AA41006AB2C5 /* Game.swift in Sources */,
				1EC716FA2B607713006AB2C5 /* Format+Enum.swift in Sources */,
				1EC717022B607713006AB2C5 /* Mode+Enum.swift in Sources */,
				1EC716D72B606C87006AB2C5 /* String+Extension.swift in Sources */,
				1EC716FC2B607713006AB2C5 /* Xbox+Enum.swift in Sources */,
				1EC716FB2B607713006AB2C5 /* PlayStation+Enum.swift in Sources */,
				1EC7170A2B6090B4006AB2C5 /* PlatformBuilder+Enum.swift in Sources */,
				1EC716FD2B607713006AB2C5 /* Nintendo+Enum.swift in Sources */,
				1EC717102B609465006AB2C5 /* Format+Protocol.swift in Sources */,
				1EC716DB2B606CAB006AB2C5 /* IconView.swift in Sources */,
				1EC717082B609031006AB2C5 /* Platform+Protocol.swift in Sources */,
				1EC716F72B607713006AB2C5 /* Game+Enum.swift in Sources */,
				1EC716E32B6075C6006AB2C5 /* Id+Protocol.swift in Sources */,
				1EC716D82B606C87006AB2C5 /* View+Extension.swift in Sources */,
				1EC716B72B606A4F006AB2C5 /* autosaveProjectApp.swift in Sources */,
				1EC717122B6095BB006AB2C5 /* Property+Enum.swift in Sources */,
				1EC717002B607713006AB2C5 /* Digital+Enum.swift in Sources */,
				1EC716F92B607713006AB2C5 /* Menu+Enum.swift in Sources */,
				1EC717042B6077FA006AB2C5 /* PropertyBuilder+Enum.swift in Sources */,
			);
			runOnlyForDeploymentPostprocessing = 0;
		};
/* End PBXSourcesBuildPhase section */

/* Begin XCBuildConfiguration section */
		1EC716C12B606A52006AB2C5 /* Debug */ = {
			isa = XCBuildConfiguration;
			buildSettings = {
				ALWAYS_SEARCH_USER_PATHS = NO;
				ASSETCATALOG_COMPILER_GENERATE_SWIFT_ASSET_SYMBOL_EXTENSIONS = YES;
				CLANG_ANALYZER_NONNULL = YES;
				CLANG_ANALYZER_NUMBER_OBJECT_CONVERSION = YES_AGGRESSIVE;
				CLANG_CXX_LANGUAGE_STANDARD = "gnu++20";
				CLANG_ENABLE_MODULES = YES;
				CLANG_ENABLE_OBJC_ARC = YES;
				CLANG_ENABLE_OBJC_WEAK = YES;
				CLANG_WARN_BLOCK_CAPTURE_AUTORELEASING = YES;
				CLANG_WARN_BOOL_CONVERSION = YES;
				CLANG_WARN_COMMA = YES;
				CLANG_WARN_CONSTANT_CONVERSION = YES;
				CLANG_WARN_DEPRECATED_OBJC_IMPLEMENTATIONS = YES;
				CLANG_WARN_DIRECT_OBJC_ISA_USAGE = YES_ERROR;
				CLANG_WARN_DOCUMENTATION_COMMENTS = YES;
				CLANG_WARN_EMPTY_BODY = YES;
				CLANG_WARN_ENUM_CONVERSION = YES;
				CLANG_WARN_INFINITE_RECURSION = YES;
				CLANG_WARN_INT_CONVERSION = YES;
				CLANG_WARN_NON_LITERAL_NULL_CONVERSION = YES;
				CLANG_WARN_OBJC_IMPLICIT_RETAIN_SELF = YES;
				CLANG_WARN_OBJC_LITERAL_CONVERSION = YES;
				CLANG_WARN_OBJC_ROOT_CLASS = YES_ERROR;
				CLANG_WARN_QUOTED_INCLUDE_IN_FRAMEWORK_HEADER = YES;
				CLANG_WARN_RANGE_LOOP_ANALYSIS = YES;
				CLANG_WARN_STRICT_PROTOTYPES = YES;
				CLANG_WARN_SUSPICIOUS_MOVE = YES;
				CLANG_WARN_UNGUARDED_AVAILABILITY = YES_AGGRESSIVE;
				CLANG_WARN_UNREACHABLE_CODE = YES;
				CLANG_WARN__DUPLICATE_METHOD_MATCH = YES;
				COPY_PHASE_STRIP = NO;
				DEBUG_INFORMATION_FORMAT = dwarf;
				ENABLE_STRICT_OBJC_MSGSEND = YES;
				ENABLE_TESTABILITY = YES;
				ENABLE_USER_SCRIPT_SANDBOXING = YES;
				GCC_C_LANGUAGE_STANDARD = gnu17;
				GCC_DYNAMIC_NO_PIC = NO;
				GCC_NO_COMMON_BLOCKS = YES;
				GCC_OPTIMIZATION_LEVEL = 0;
				GCC_PREPROCESSOR_DEFINITIONS = (
					"DEBUG=1",
					"$(inherited)",
				);
				GCC_WARN_64_TO_32_BIT_CONVERSION = YES;
				GCC_WARN_ABOUT_RETURN_TYPE = YES_ERROR;
				GCC_WARN_UNDECLARED_SELECTOR = YES;
				GCC_WARN_UNINITIALIZED_AUTOS = YES_AGGRESSIVE;
				GCC_WARN_UNUSED_FUNCTION = YES;
				GCC_WARN_UNUSED_VARIABLE = YES;
				IPHONEOS_DEPLOYMENT_TARGET = 17.2;
				LOCALIZATION_PREFERS_STRING_CATALOGS = YES;
				MTL_ENABLE_DEBUG_INFO = INCLUDE_SOURCE;
				MTL_FAST_MATH = YES;
				ONLY_ACTIVE_ARCH = YES;
				SDKROOT = iphoneos;
				SWIFT_ACTIVE_COMPILATION_CONDITIONS = "DEBUG $(inherited)";
				SWIFT_OPTIMIZATION_LEVEL = "-Onone";
			};
			name = Debug;
		};
		1EC716C22B606A52006AB2C5 /* Release */ = {
			isa = XCBuildConfiguration;
			buildSettings = {
				ALWAYS_SEARCH_USER_PATHS = NO;
				ASSETCATALOG_COMPILER_GENERATE_SWIFT_ASSET_SYMBOL_EXTENSIONS = YES;
				CLANG_ANALYZER_NONNULL = YES;
				CLANG_ANALYZER_NUMBER_OBJECT_CONVERSION = YES_AGGRESSIVE;
				CLANG_CXX_LANGUAGE_STANDARD = "gnu++20";
				CLANG_ENABLE_MODULES = YES;
				CLANG_ENABLE_OBJC_ARC = YES;
				CLANG_ENABLE_OBJC_WEAK = YES;
				CLANG_WARN_BLOCK_CAPTURE_AUTORELEASING = YES;
				CLANG_WARN_BOOL_CONVERSION = YES;
				CLANG_WARN_COMMA = YES;
				CLANG_WARN_CONSTANT_CONVERSION = YES;
				CLANG_WARN_DEPRECATED_OBJC_IMPLEMENTATIONS = YES;
				CLANG_WARN_DIRECT_OBJC_ISA_USAGE = YES_ERROR;
				CLANG_WARN_DOCUMENTATION_COMMENTS = YES;
				CLANG_WARN_EMPTY_BODY = YES;
				CLANG_WARN_ENUM_CONVERSION = YES;
				CLANG_WARN_INFINITE_RECURSION = YES;
				CLANG_WARN_INT_CONVERSION = YES;
				CLANG_WARN_NON_LITERAL_NULL_CONVERSION = YES;
				CLANG_WARN_OBJC_IMPLICIT_RETAIN_SELF = YES;
				CLANG_WARN_OBJC_LITERAL_CONVERSION = YES;
				CLANG_WARN_OBJC_ROOT_CLASS = YES_ERROR;
				CLANG_WARN_QUOTED_INCLUDE_IN_FRAMEWORK_HEADER = YES;
				CLANG_WARN_RANGE_LOOP_ANALYSIS = YES;
				CLANG_WARN_STRICT_PROTOTYPES = YES;
				CLANG_WARN_SUSPICIOUS_MOVE = YES;
				CLANG_WARN_UNGUARDED_AVAILABILITY = YES_AGGRESSIVE;
				CLANG_WARN_UNREACHABLE_CODE = YES;
				CLANG_WARN__DUPLICATE_METHOD_MATCH = YES;
				COPY_PHASE_STRIP = NO;
				DEBUG_INFORMATION_FORMAT = "dwarf-with-dsym";
				ENABLE_NS_ASSERTIONS = NO;
				ENABLE_STRICT_OBJC_MSGSEND = YES;
				ENABLE_USER_SCRIPT_SANDBOXING = YES;
				GCC_C_LANGUAGE_STANDARD = gnu17;
				GCC_NO_COMMON_BLOCKS = YES;
				GCC_WARN_64_TO_32_BIT_CONVERSION = YES;
				GCC_WARN_ABOUT_RETURN_TYPE = YES_ERROR;
				GCC_WARN_UNDECLARED_SELECTOR = YES;
				GCC_WARN_UNINITIALIZED_AUTOS = YES_AGGRESSIVE;
				GCC_WARN_UNUSED_FUNCTION = YES;
				GCC_WARN_UNUSED_VARIABLE = YES;
				IPHONEOS_DEPLOYMENT_TARGET = 17.2;
				LOCALIZATION_PREFERS_STRING_CATALOGS = YES;
				MTL_ENABLE_DEBUG_INFO = NO;
				MTL_FAST_MATH = YES;
				SDKROOT = iphoneos;
				SWIFT_COMPILATION_MODE = wholemodule;
				VALIDATE_PRODUCT = YES;
			};
			name = Release;
		};
		1EC716C42B606A52006AB2C5 /* Debug */ = {
			isa = XCBuildConfiguration;
			buildSettings = {
				ASSETCATALOG_COMPILER_APPICON_NAME = AppIcon;
				ASSETCATALOG_COMPILER_GLOBAL_ACCENT_COLOR_NAME = AccentColor;
				CODE_SIGN_STYLE = Automatic;
				CURRENT_PROJECT_VERSION = 1;
				DEVELOPMENT_ASSET_PATHS = "\"autosaveProject/Preview Content\"";
				DEVELOPMENT_TEAM = 6H7NA9X6MX;
				ENABLE_PREVIEWS = YES;
				GENERATE_INFOPLIST_FILE = YES;
				INFOPLIST_KEY_UIApplicationSceneManifest_Generation = YES;
				INFOPLIST_KEY_UIApplicationSupportsIndirectInputEvents = YES;
				INFOPLIST_KEY_UILaunchScreen_Generation = YES;
				INFOPLIST_KEY_UISupportedInterfaceOrientations_iPad = "UIInterfaceOrientationPortrait UIInterfaceOrientationPortraitUpsideDown UIInterfaceOrientationLandscapeLeft UIInterfaceOrientationLandscapeRight";
				INFOPLIST_KEY_UISupportedInterfaceOrientations_iPhone = "UIInterfaceOrientationPortrait UIInterfaceOrientationLandscapeLeft UIInterfaceOrientationLandscapeRight";
				LD_RUNPATH_SEARCH_PATHS = (
					"$(inherited)",
					"@executable_path/Frameworks",
				);
				MARKETING_VERSION = 1.0;
				PRODUCT_BUNDLE_IDENTIFIER = com.asia.serrano.apps.autosaveProject;
				PRODUCT_NAME = "$(TARGET_NAME)";
				SWIFT_EMIT_LOC_STRINGS = YES;
				SWIFT_VERSION = 5.0;
				TARGETED_DEVICE_FAMILY = "1,2";
			};
			name = Debug;
		};
		1EC716C52B606A52006AB2C5 /* Release */ = {
			isa = XCBuildConfiguration;
			buildSettings = {
				ASSETCATALOG_COMPILER_APPICON_NAME = AppIcon;
				ASSETCATALOG_COMPILER_GLOBAL_ACCENT_COLOR_NAME = AccentColor;
				CODE_SIGN_STYLE = Automatic;
				CURRENT_PROJECT_VERSION = 1;
				DEVELOPMENT_ASSET_PATHS = "\"autosaveProject/Preview Content\"";
				DEVELOPMENT_TEAM = 6H7NA9X6MX;
				ENABLE_PREVIEWS = YES;
				GENERATE_INFOPLIST_FILE = YES;
				INFOPLIST_KEY_UIApplicationSceneManifest_Generation = YES;
				INFOPLIST_KEY_UIApplicationSupportsIndirectInputEvents = YES;
				INFOPLIST_KEY_UILaunchScreen_Generation = YES;
				INFOPLIST_KEY_UISupportedInterfaceOrientations_iPad = "UIInterfaceOrientationPortrait UIInterfaceOrientationPortraitUpsideDown UIInterfaceOrientationLandscapeLeft UIInterfaceOrientationLandscapeRight";
				INFOPLIST_KEY_UISupportedInterfaceOrientations_iPhone = "UIInterfaceOrientationPortrait UIInterfaceOrientationLandscapeLeft UIInterfaceOrientationLandscapeRight";
				LD_RUNPATH_SEARCH_PATHS = (
					"$(inherited)",
					"@executable_path/Frameworks",
				);
				MARKETING_VERSION = 1.0;
				PRODUCT_BUNDLE_IDENTIFIER = com.asia.serrano.apps.autosaveProject;
				PRODUCT_NAME = "$(TARGET_NAME)";
				SWIFT_EMIT_LOC_STRINGS = YES;
				SWIFT_VERSION = 5.0;
				TARGETED_DEVICE_FAMILY = "1,2";
			};
			name = Release;
		};
/* End XCBuildConfiguration section */

/* Begin XCConfigurationList section */
		1EC716AE2B606A4F006AB2C5 /* Build configuration list for PBXProject "autosaveProject" */ = {
			isa = XCConfigurationList;
			buildConfigurations = (
				1EC716C12B606A52006AB2C5 /* Debug */,
				1EC716C22B606A52006AB2C5 /* Release */,
			);
			defaultConfigurationIsVisible = 0;
			defaultConfigurationName = Release;
		};
		1EC716C32B606A52006AB2C5 /* Build configuration list for PBXNativeTarget "autosaveProject" */ = {
			isa = XCConfigurationList;
			buildConfigurations = (
				1EC716C42B606A52006AB2C5 /* Debug */,
				1EC716C52B606A52006AB2C5 /* Release */,
			);
			defaultConfigurationIsVisible = 0;
			defaultConfigurationName = Release;
		};
/* End XCConfigurationList section */
	};
	rootObject = 1EC716AB2B606A4F006AB2C5 /* Project object */;
}
